
Microsoft Visual Studio Solution File, Format Version 12.00
# Visual Studio Version 16
VisualStudioVersion = 16.0.30204.135
MinimumVisualStudioVersion = 15.0.26124.0
Project("{9A19103F-16F7-4668-BE54-9A1E7A4F7556}") = "my-api", "my-api\my-api.csproj", "{56D94A8C-0EFC-4662-8420-DF43CD3FED5C}"
EndProject
Project("{9A19103F-16F7-4668-BE54-9A1E7A4F7556}") = "my-fluent-api", "my-fluent-api\my-fluent-api.csproj", "{64A7B6D3-DDF1-4CC8-BB5A-4B0B0880D77B}"
EndProject
Project("{2150E333-8FDC-42A3-9474-1A3956D46DE8}") = "_sln", "_sln", "{8C98C438-4637-4C04-B825-243876F94827}"
	ProjectSection(SolutionItems) = preProject
		README.md = README.md
	EndProjectSection
EndProject
Project("{9A19103F-16F7-4668-BE54-9A1E7A4F7556}") = "my-fluent-provider", "my-fluent-provider\my-fluent-provider.csproj", "{2FE7D885-1E4A-4C04-9AAB-E6BDDCB5C633}"
EndProject
Project("{9A19103F-16F7-4668-BE54-9A1E7A4F7556}") = "my-hybrid-provider", "my-hybrid-provider\my-hybrid-provider.csproj", "{07E0C11C-087D-487E-8E99-685405FA645E}"
EndProject
Project("{9A19103F-16F7-4668-BE54-9A1E7A4F7556}") = "MyValidation.Core", "MyValidation.Core\MyValidation.Core.csproj", "{470D8669-A390-4413-A892-A1C8FB86D469}"
EndProject
Project("{2150E333-8FDC-42A3-9474-1A3956D46DE8}") = "fluent", "fluent", "{7F081BA4-B3C1-4AD8-98B0-402D19DE5FB8}"
EndProject
Project("{2150E333-8FDC-42A3-9474-1A3956D46DE8}") = "dotnetcore", "dotnetcore", "{A38A69B8-12F3-4950-B3E4-789CA4F8308D}"
EndProject
Project("{2150E333-8FDC-42A3-9474-1A3956D46DE8}") = "fluent-and-dotnetcore", "fluent-and-dotnetcore", "{743F4D9C-D4C7-439D-9862-E1928DD89284}"
EndProject
Global
	GlobalSection(SolutionConfigurationPlatforms) = preSolution
		Debug|Any CPU = Debug|Any CPU
		Debug|x64 = Debug|x64
		Debug|x86 = Debug|x86
		Release|Any CPU = Release|Any CPU
		Release|x64 = Release|x64
		Release|x86 = Release|x86
	EndGlobalSection
	GlobalSection(ProjectConfigurationPlatforms) = postSolution
		{56D94A8C-0EFC-4662-8420-DF43CD3FED5C}.Debug|Any CPU.ActiveCfg = Debug|Any CPU
		{56D94A8C-0EFC-4662-8420-DF43CD3FED5C}.Debug|Any CPU.Build.0 = Debug|Any CPU
		{56D94A8C-0EFC-4662-8420-DF43CD3FED5C}.Debug|x64.ActiveCfg = Debug|Any CPU
		{56D94A8C-0EFC-4662-8420-DF43CD3FED5C}.Debug|x64.Build.0 = Debug|Any CPU
		{56D94A8C-0EFC-4662-8420-DF43CD3FED5C}.Debug|x86.ActiveCfg = Debug|Any CPU
		{56D94A8C-0EFC-4662-8420-DF43CD3FED5C}.Debug|x86.Build.0 = Debug|Any CPU
		{56D94A8C-0EFC-4662-8420-DF43CD3FED5C}.Release|Any CPU.ActiveCfg = Release|Any CPU
		{56D94A8C-0EFC-4662-8420-DF43CD3FED5C}.Release|Any CPU.Build.0 = Release|Any CPU
		{56D94A8C-0EFC-4662-8420-DF43CD3FED5C}.Release|x64.ActiveCfg = Release|Any CPU
		{56D94A8C-0EFC-4662-8420-DF43CD3FED5C}.Release|x64.Build.0 = Release|Any CPU
		{56D94A8C-0EFC-4662-8420-DF43CD3FED5C}.Release|x86.ActiveCfg = Release|Any CPU
		{56D94A8C-0EFC-4662-8420-DF43CD3FED5C}.Release|x86.Build.0 = Release|Any CPU
		{64A7B6D3-DDF1-4CC8-BB5A-4B0B0880D77B}.Debug|Any CPU.ActiveCfg = Debug|Any CPU
		{64A7B6D3-DDF1-4CC8-BB5A-4B0B0880D77B}.Debug|Any CPU.Build.0 = Debug|Any CPU
		{64A7B6D3-DDF1-4CC8-BB5A-4B0B0880D77B}.Debug|x64.ActiveCfg = Debug|Any CPU
		{64A7B6D3-DDF1-4CC8-BB5A-4B0B0880D77B}.Debug|x64.Build.0 = Debug|Any CPU
		{64A7B6D3-DDF1-4CC8-BB5A-4B0B0880D77B}.Debug|x86.ActiveCfg = Debug|Any CPU
		{64A7B6D3-DDF1-4CC8-BB5A-4B0B0880D77B}.Debug|x86.Build.0 = Debug|Any CPU
		{64A7B6D3-DDF1-4CC8-BB5A-4B0B0880D77B}.Release|Any CPU.ActiveCfg = Release|Any CPU
		{64A7B6D3-DDF1-4CC8-BB5A-4B0B0880D77B}.Release|Any CPU.Build.0 = Release|Any CPU
		{64A7B6D3-DDF1-4CC8-BB5A-4B0B0880D77B}.Release|x64.ActiveCfg = Release|Any CPU
		{64A7B6D3-DDF1-4CC8-BB5A-4B0B0880D77B}.Release|x64.Build.0 = Release|Any CPU
		{64A7B6D3-DDF1-4CC8-BB5A-4B0B0880D77B}.Release|x86.ActiveCfg = Release|Any CPU
		{64A7B6D3-DDF1-4CC8-BB5A-4B0B0880D77B}.Release|x86.Build.0 = Release|Any CPU
		{2FE7D885-1E4A-4C04-9AAB-E6BDDCB5C633}.Debug|Any CPU.ActiveCfg = Debug|Any CPU
		{2FE7D885-1E4A-4C04-9AAB-E6BDDCB5C633}.Debug|Any CPU.Build.0 = Debug|Any CPU
		{2FE7D885-1E4A-4C04-9AAB-E6BDDCB5C633}.Debug|x64.ActiveCfg = Debug|Any CPU
		{2FE7D885-1E4A-4C04-9AAB-E6BDDCB5C633}.Debug|x64.Build.0 = Debug|Any CPU
		{2FE7D885-1E4A-4C04-9AAB-E6BDDCB5C633}.Debug|x86.ActiveCfg = Debug|Any CPU
		{2FE7D885-1E4A-4C04-9AAB-E6BDDCB5C633}.Debug|x86.Build.0 = Debug|Any CPU
		{2FE7D885-1E4A-4C04-9AAB-E6BDDCB5C633}.Release|Any CPU.ActiveCfg = Release|Any CPU
		{2FE7D885-1E4A-4C04-9AAB-E6BDDCB5C633}.Release|Any CPU.Build.0 = Release|Any CPU
		{2FE7D885-1E4A-4C04-9AAB-E6BDDCB5C633}.Release|x64.ActiveCfg = Release|Any CPU
		{2FE7D885-1E4A-4C04-9AAB-E6BDDCB5C633}.Release|x64.Build.0 = Release|Any CPU
		{2FE7D885-1E4A-4C04-9AAB-E6BDDCB5C633}.Release|x86.ActiveCfg = Release|Any CPU
		{2FE7D885-1E4A-4C04-9AAB-E6BDDCB5C633}.Release|x86.Build.0 = Release|Any CPU
		{07E0C11C-087D-487E-8E99-685405FA645E}.Debug|Any CPU.ActiveCfg = Debug|Any CPU
		{07E0C11C-087D-487E-8E99-685405FA645E}.Debug|Any CPU.Build.0 = Debug|Any CPU
		{07E0C11C-087D-487E-8E99-685405FA645E}.Debug|x64.ActiveCfg = Debug|Any CPU
		{07E0C11C-087D-487E-8E99-685405FA645E}.Debug|x64.Build.0 = Debug|Any CPU
		{07E0C11C-087D-487E-8E99-685405FA645E}.Debug|x86.ActiveCfg = Debug|Any CPU
		{07E0C11C-087D-487E-8E99-685405FA645E}.Debug|x86.Build.0 = Debug|Any CPU
		{07E0C11C-087D-487E-8E99-685405FA645E}.Release|Any CPU.ActiveCfg = Release|Any CPU
		{07E0C11C-087D-487E-8E99-685405FA645E}.Release|Any CPU.Build.0 = Release|Any CPU
		{07E0C11C-087D-487E-8E99-685405FA645E}.Release|x64.ActiveCfg = Release|Any CPU
		{07E0C11C-087D-487E-8E99-685405FA645E}.Release|x64.Build.0 = Release|Any CPU
		{07E0C11C-087D-487E-8E99-685405FA645E}.Release|x86.ActiveCfg = Release|Any CPU
		{07E0C11C-087D-487E-8E99-685405FA645E}.Release|x86.Build.0 = Release|Any CPU
		{470D8669-A390-4413-A892-A1C8FB86D469}.Debug|Any CPU.ActiveCfg = Debug|Any CPU
		{470D8669-A390-4413-A892-A1C8FB86D469}.Debug|Any CPU.Build.0 = Debug|Any CPU
		{470D8669-A390-4413-A892-A1C8FB86D469}.Debug|x64.ActiveCfg = Debug|Any CPU
		{470D8669-A390-4413-A892-A1C8FB86D469}.Debug|x64.Build.0 = Debug|Any CPU
		{470D8669-A390-4413-A892-A1C8FB86D469}.Debug|x86.ActiveCfg = Debug|Any CPU
		{470D8669-A390-4413-A892-A1C8FB86D469}.Debug|x86.Build.0 = Debug|Any CPU
		{470D8669-A390-4413-A892-A1C8FB86D469}.Release|Any CPU.ActiveCfg = Release|Any CPU
		{470D8669-A390-4413-A892-A1C8FB86D469}.Release|Any CPU.Build.0 = Release|Any CPU
		{470D8669-A390-4413-A892-A1C8FB86D469}.Release|x64.ActiveCfg = Release|Any CPU
		{470D8669-A390-4413-A892-A1C8FB86D469}.Release|x64.Build.0 = Release|Any CPU
		{470D8669-A390-4413-A892-A1C8FB86D469}.Release|x86.ActiveCfg = Release|Any CPU
		{470D8669-A390-4413-A892-A1C8FB86D469}.Release|x86.Build.0 = Release|Any CPU
	EndGlobalSection
	GlobalSection(SolutionProperties) = preSolution
		HideSolutionNode = FALSE
	EndGlobalSection
	GlobalSection(NestedProjects) = preSolution
		{56D94A8C-0EFC-4662-8420-DF43CD3FED5C} = {A38A69B8-12F3-4950-B3E4-789CA4F8308D}
		{64A7B6D3-DDF1-4CC8-BB5A-4B0B0880D77B} = {7F081BA4-B3C1-4AD8-98B0-402D19DE5FB8}
		{2FE7D885-1E4A-4C04-9AAB-E6BDDCB5C633} = {7F081BA4-B3C1-4AD8-98B0-402D19DE5FB8}
		{07E0C11C-087D-487E-8E99-685405FA645E} = {743F4D9C-D4C7-439D-9862-E1928DD89284}
	EndGlobalSection
	GlobalSection(ExtensibilityGlobals) = postSolution
		SolutionGuid = {50D050A3-D9B2-461C-87C4-0613A6F63794}
	EndGlobalSection
EndGlobal
